// !$*UTF8*$!
{
	archiveVersion = 1;
	classes = {
	};
	objectVersion = 46;
	objects = {

/* Begin PBXBuildFile section */
		ED3F3B981B5F4C6E00518D69 /* car.jpg in Resources */ = {isa = PBXBuildFile; fileRef = ED3F3B971B5F4C6E00518D69 /* car.jpg */; };
		ED3F3B991B5F4C6E00518D69 /* car.jpg in Resources */ = {isa = PBXBuildFile; fileRef = ED3F3B971B5F4C6E00518D69 /* car.jpg */; };
		ED3F3B9B1B5F4CEA00518D69 /* TestingCollectionViewController.swift in Sources */ = {isa = PBXBuildFile; fileRef = ED3F3B9A1B5F4CEA00518D69 /* TestingCollectionViewController.swift */; };
		ED3F3B9C1B5F4CEA00518D69 /* TestingCollectionViewController.swift in Sources */ = {isa = PBXBuildFile; fileRef = ED3F3B9A1B5F4CEA00518D69 /* TestingCollectionViewController.swift */; };
		ED3F3B9E1B5F4F0200518D69 /* CustomCollectionViewCell.swift in Sources */ = {isa = PBXBuildFile; fileRef = ED3F3B9D1B5F4F0200518D69 /* CustomCollectionViewCell.swift */; };
		ED3F3B9F1B5F4F0200518D69 /* CustomCollectionViewCell.swift in Sources */ = {isa = PBXBuildFile; fileRef = ED3F3B9D1B5F4F0200518D69 /* CustomCollectionViewCell.swift */; };
		ED6D3C291B5DD6F8007F3505 /* GitRefreshAndLoadMore.swift in Sources */ = {isa = PBXBuildFile; fileRef = ED6D3C281B5DD6F8007F3505 /* GitRefreshAndLoadMore.swift */; };
		ED6D3C2A1B5DD6FB007F3505 /* GitRefreshAndLoadMore.swift in Sources */ = {isa = PBXBuildFile; fileRef = ED6D3C281B5DD6F8007F3505 /* GitRefreshAndLoadMore.swift */; };
		ED73F8AD1B5C9199006B228C /* AppDelegate.swift in Sources */ = {isa = PBXBuildFile; fileRef = ED73F8AC1B5C9199006B228C /* AppDelegate.swift */; };
		ED73F8B21B5C9199006B228C /* Main.storyboard in Resources */ = {isa = PBXBuildFile; fileRef = ED73F8B01B5C9199006B228C /* Main.storyboard */; };
		ED73F8B41B5C9199006B228C /* Images.xcassets in Resources */ = {isa = PBXBuildFile; fileRef = ED73F8B31B5C9199006B228C /* Images.xcassets */; };
		ED73F8B71B5C9199006B228C /* LaunchScreen.xib in Resources */ = {isa = PBXBuildFile; fileRef = ED73F8B51B5C9199006B228C /* LaunchScreen.xib */; };
		ED73F8C31B5C9199006B228C /* AFNetworkingWithSwiftTests.swift in Sources */ = {isa = PBXBuildFile; fileRef = ED73F8C21B5C9199006B228C /* AFNetworkingWithSwiftTests.swift */; };
		ED73F8E21B5C91C7006B228C /* AFHTTPRequestOperation.m in Sources */ = {isa = PBXBuildFile; fileRef = ED73F8D01B5C91C7006B228C /* AFHTTPRequestOperation.m */; };
		ED73F8E31B5C91C7006B228C /* AFHTTPRequestOperation.m in Sources */ = {isa = PBXBuildFile; fileRef = ED73F8D01B5C91C7006B228C /* AFHTTPRequestOperation.m */; };
		ED73F8E41B5C91C7006B228C /* AFHTTPRequestOperationManager.m in Sources */ = {isa = PBXBuildFile; fileRef = ED73F8D21B5C91C7006B228C /* AFHTTPRequestOperationManager.m */; };
		ED73F8E51B5C91C7006B228C /* AFHTTPRequestOperationManager.m in Sources */ = {isa = PBXBuildFile; fileRef = ED73F8D21B5C91C7006B228C /* AFHTTPRequestOperationManager.m */; };
		ED73F8E61B5C91C7006B228C /* AFHTTPSessionManager.m in Sources */ = {isa = PBXBuildFile; fileRef = ED73F8D41B5C91C7006B228C /* AFHTTPSessionManager.m */; };
		ED73F8E71B5C91C7006B228C /* AFHTTPSessionManager.m in Sources */ = {isa = PBXBuildFile; fileRef = ED73F8D41B5C91C7006B228C /* AFHTTPSessionManager.m */; };
		ED73F8E81B5C91C7006B228C /* AFNetworkReachabilityManager.m in Sources */ = {isa = PBXBuildFile; fileRef = ED73F8D71B5C91C7006B228C /* AFNetworkReachabilityManager.m */; };
		ED73F8E91B5C91C7006B228C /* AFNetworkReachabilityManager.m in Sources */ = {isa = PBXBuildFile; fileRef = ED73F8D71B5C91C7006B228C /* AFNetworkReachabilityManager.m */; };
		ED73F8EA1B5C91C7006B228C /* AFSecurityPolicy.m in Sources */ = {isa = PBXBuildFile; fileRef = ED73F8D91B5C91C7006B228C /* AFSecurityPolicy.m */; };
		ED73F8EB1B5C91C7006B228C /* AFSecurityPolicy.m in Sources */ = {isa = PBXBuildFile; fileRef = ED73F8D91B5C91C7006B228C /* AFSecurityPolicy.m */; };
		ED73F8EC1B5C91C7006B228C /* AFURLConnectionOperation.m in Sources */ = {isa = PBXBuildFile; fileRef = ED73F8DB1B5C91C7006B228C /* AFURLConnectionOperation.m */; };
		ED73F8ED1B5C91C7006B228C /* AFURLConnectionOperation.m in Sources */ = {isa = PBXBuildFile; fileRef = ED73F8DB1B5C91C7006B228C /* AFURLConnectionOperation.m */; };
		ED73F8EE1B5C91C7006B228C /* AFURLRequestSerialization.m in Sources */ = {isa = PBXBuildFile; fileRef = ED73F8DD1B5C91C7006B228C /* AFURLRequestSerialization.m */; };
		ED73F8EF1B5C91C7006B228C /* AFURLRequestSerialization.m in Sources */ = {isa = PBXBuildFile; fileRef = ED73F8DD1B5C91C7006B228C /* AFURLRequestSerialization.m */; };
		ED73F8F01B5C91C7006B228C /* AFURLResponseSerialization.m in Sources */ = {isa = PBXBuildFile; fileRef = ED73F8DF1B5C91C7006B228C /* AFURLResponseSerialization.m */; };
		ED73F8F11B5C91C7006B228C /* AFURLResponseSerialization.m in Sources */ = {isa = PBXBuildFile; fileRef = ED73F8DF1B5C91C7006B228C /* AFURLResponseSerialization.m */; };
		ED73F8F21B5C91C7006B228C /* AFURLSessionManager.m in Sources */ = {isa = PBXBuildFile; fileRef = ED73F8E11B5C91C7006B228C /* AFURLSessionManager.m */; };
		ED73F8F31B5C91C7006B228C /* AFURLSessionManager.m in Sources */ = {isa = PBXBuildFile; fileRef = ED73F8E11B5C91C7006B228C /* AFURLSessionManager.m */; };
		ED73F8F51B5C9218006B228C /* GitViewController.swift in Sources */ = {isa = PBXBuildFile; fileRef = ED73F8F41B5C9218006B228C /* GitViewController.swift */; };
		ED73F8F61B5C9218006B228C /* GitViewController.swift in Sources */ = {isa = PBXBuildFile; fileRef = ED73F8F41B5C9218006B228C /* GitViewController.swift */; };
		ED73F8F81B5C9293006B228C /* MainViewController.swift in Sources */ = {isa = PBXBuildFile; fileRef = ED73F8F71B5C9293006B228C /* MainViewController.swift */; };
		ED73F8F91B5C9293006B228C /* MainViewController.swift in Sources */ = {isa = PBXBuildFile; fileRef = ED73F8F71B5C9293006B228C /* MainViewController.swift */; };
		ED73F9521B5CAAD5006B228C /* NSObject+SBJson.m in Sources */ = {isa = PBXBuildFile; fileRef = ED73F93A1B5CAAD5006B228C /* NSObject+SBJson.m */; };
		ED73F9531B5CAAD5006B228C /* NSObject+SBJson.m in Sources */ = {isa = PBXBuildFile; fileRef = ED73F93A1B5CAAD5006B228C /* NSObject+SBJson.m */; };
		ED73F9541B5CAAD5006B228C /* SBJsonParser.m in Sources */ = {isa = PBXBuildFile; fileRef = ED73F93D1B5CAAD5006B228C /* SBJsonParser.m */; };
		ED73F9551B5CAAD5006B228C /* SBJsonParser.m in Sources */ = {isa = PBXBuildFile; fileRef = ED73F93D1B5CAAD5006B228C /* SBJsonParser.m */; };
		ED73F9561B5CAAD5006B228C /* SBJsonStreamParser.m in Sources */ = {isa = PBXBuildFile; fileRef = ED73F93F1B5CAAD5006B228C /* SBJsonStreamParser.m */; };
		ED73F9571B5CAAD5006B228C /* SBJsonStreamParser.m in Sources */ = {isa = PBXBuildFile; fileRef = ED73F93F1B5CAAD5006B228C /* SBJsonStreamParser.m */; };
		ED73F9581B5CAAD5006B228C /* SBJsonStreamParserAccumulator.m in Sources */ = {isa = PBXBuildFile; fileRef = ED73F9411B5CAAD5006B228C /* SBJsonStreamParserAccumulator.m */; };
		ED73F9591B5CAAD5006B228C /* SBJsonStreamParserAccumulator.m in Sources */ = {isa = PBXBuildFile; fileRef = ED73F9411B5CAAD5006B228C /* SBJsonStreamParserAccumulator.m */; };
		ED73F95A1B5CAAD5006B228C /* SBJsonStreamParserAdapter.m in Sources */ = {isa = PBXBuildFile; fileRef = ED73F9431B5CAAD5006B228C /* SBJsonStreamParserAdapter.m */; };
		ED73F95B1B5CAAD5006B228C /* SBJsonStreamParserAdapter.m in Sources */ = {isa = PBXBuildFile; fileRef = ED73F9431B5CAAD5006B228C /* SBJsonStreamParserAdapter.m */; };
		ED73F95C1B5CAAD5006B228C /* SBJsonStreamParserState.m in Sources */ = {isa = PBXBuildFile; fileRef = ED73F9451B5CAAD5006B228C /* SBJsonStreamParserState.m */; };
		ED73F95D1B5CAAD5006B228C /* SBJsonStreamParserState.m in Sources */ = {isa = PBXBuildFile; fileRef = ED73F9451B5CAAD5006B228C /* SBJsonStreamParserState.m */; };
		ED73F95E1B5CAAD5006B228C /* SBJsonStreamWriter.m in Sources */ = {isa = PBXBuildFile; fileRef = ED73F9471B5CAAD5006B228C /* SBJsonStreamWriter.m */; };
		ED73F95F1B5CAAD5006B228C /* SBJsonStreamWriter.m in Sources */ = {isa = PBXBuildFile; fileRef = ED73F9471B5CAAD5006B228C /* SBJsonStreamWriter.m */; };
		ED73F9601B5CAAD5006B228C /* SBJsonStreamWriterAccumulator.m in Sources */ = {isa = PBXBuildFile; fileRef = ED73F9491B5CAAD5006B228C /* SBJsonStreamWriterAccumulator.m */; };
		ED73F9611B5CAAD5006B228C /* SBJsonStreamWriterAccumulator.m in Sources */ = {isa = PBXBuildFile; fileRef = ED73F9491B5CAAD5006B228C /* SBJsonStreamWriterAccumulator.m */; };
		ED73F9621B5CAAD5006B228C /* SBJsonStreamWriterState.m in Sources */ = {isa = PBXBuildFile; fileRef = ED73F94B1B5CAAD5006B228C /* SBJsonStreamWriterState.m */; };
		ED73F9631B5CAAD5006B228C /* SBJsonStreamWriterState.m in Sources */ = {isa = PBXBuildFile; fileRef = ED73F94B1B5CAAD5006B228C /* SBJsonStreamWriterState.m */; };
		ED73F9641B5CAAD5006B228C /* SBJsonTokeniser.m in Sources */ = {isa = PBXBuildFile; fileRef = ED73F94D1B5CAAD5006B228C /* SBJsonTokeniser.m */; };
		ED73F9651B5CAAD5006B228C /* SBJsonTokeniser.m in Sources */ = {isa = PBXBuildFile; fileRef = ED73F94D1B5CAAD5006B228C /* SBJsonTokeniser.m */; };
		ED73F9661B5CAAD5006B228C /* SBJsonUTF8Stream.m in Sources */ = {isa = PBXBuildFile; fileRef = ED73F94F1B5CAAD5006B228C /* SBJsonUTF8Stream.m */; };
		ED73F9671B5CAAD5006B228C /* SBJsonUTF8Stream.m in Sources */ = {isa = PBXBuildFile; fileRef = ED73F94F1B5CAAD5006B228C /* SBJsonUTF8Stream.m */; };
		ED73F9681B5CAAD5006B228C /* SBJsonWriter.m in Sources */ = {isa = PBXBuildFile; fileRef = ED73F9511B5CAAD5006B228C /* SBJsonWriter.m */; };
		ED73F9691B5CAAD5006B228C /* SBJsonWriter.m in Sources */ = {isa = PBXBuildFile; fileRef = ED73F9511B5CAAD5006B228C /* SBJsonWriter.m */; };
		ED73F9711B5CDB19006B228C /* load_01.png in Resources */ = {isa = PBXBuildFile; fileRef = ED73F96B1B5CDB19006B228C /* load_01.png */; };
		ED73F9721B5CDB19006B228C /* load_01.png in Resources */ = {isa = PBXBuildFile; fileRef = ED73F96B1B5CDB19006B228C /* load_01.png */; };
		ED73F9731B5CDB19006B228C /* load_02.png in Resources */ = {isa = PBXBuildFile; fileRef = ED73F96C1B5CDB19006B228C /* load_02.png */; };
		ED73F9741B5CDB19006B228C /* load_02.png in Resources */ = {isa = PBXBuildFile; fileRef = ED73F96C1B5CDB19006B228C /* load_02.png */; };
		ED73F9751B5CDB19006B228C /* load_03.png in Resources */ = {isa = PBXBuildFile; fileRef = ED73F96D1B5CDB19006B228C /* load_03.png */; };
		ED73F9761B5CDB19006B228C /* load_03.png in Resources */ = {isa = PBXBuildFile; fileRef = ED73F96D1B5CDB19006B228C /* load_03.png */; };
		ED73F9771B5CDB19006B228C /* load_04.png in Resources */ = {isa = PBXBuildFile; fileRef = ED73F96E1B5CDB19006B228C /* load_04.png */; };
		ED73F9781B5CDB19006B228C /* load_04.png in Resources */ = {isa = PBXBuildFile; fileRef = ED73F96E1B5CDB19006B228C /* load_04.png */; };
		ED73F9791B5CDB19006B228C /* load_05.png in Resources */ = {isa = PBXBuildFile; fileRef = ED73F96F1B5CDB19006B228C /* load_05.png */; };
		ED73F97A1B5CDB19006B228C /* load_05.png in Resources */ = {isa = PBXBuildFile; fileRef = ED73F96F1B5CDB19006B228C /* load_05.png */; };
		ED73F97B1B5CDB19006B228C /* load_06.png in Resources */ = {isa = PBXBuildFile; fileRef = ED73F9701B5CDB19006B228C /* load_06.png */; };
		ED73F97C1B5CDB19006B228C /* load_06.png in Resources */ = {isa = PBXBuildFile; fileRef = ED73F9701B5CDB19006B228C /* load_06.png */; };
/* End PBXBuildFile section */

/* Begin PBXContainerItemProxy section */
		ED73F8BD1B5C9199006B228C /* PBXContainerItemProxy */ = {
			isa = PBXContainerItemProxy;
			containerPortal = ED73F89F1B5C9199006B228C /* Project object */;
			proxyType = 1;
			remoteGlobalIDString = ED73F8A61B5C9199006B228C;
			remoteInfo = AFNetworkingWithSwift;
		};
/* End PBXContainerItemProxy section */

/* Begin PBXFileReference section */
		ED3F3B971B5F4C6E00518D69 /* car.jpg */ = {isa = PBXFileReference; lastKnownFileType = image.jpeg; path = car.jpg; sourceTree = "<group>"; };
		ED3F3B9A1B5F4CEA00518D69 /* TestingCollectionViewController.swift */ = {isa = PBXFileReference; fileEncoding = 4; lastKnownFileType = sourcecode.swift; path = TestingCollectionViewController.swift; sourceTree = "<group>"; };
		ED3F3B9D1B5F4F0200518D69 /* CustomCollectionViewCell.swift */ = {isa = PBXFileReference; fileEncoding = 4; lastKnownFileType = sourcecode.swift; path = CustomCollectionViewCell.swift; sourceTree = "<group>"; };
		ED6D3C281B5DD6F8007F3505 /* GitRefreshAndLoadMore.swift */ = {isa = PBXFileReference; fileEncoding = 4; lastKnownFileType = sourcecode.swift; path = GitRefreshAndLoadMore.swift; sourceTree = "<group>"; };
		ED73F8A71B5C9199006B228C /* AFNetworkingWithSwift.app */ = {isa = PBXFileReference; explicitFileType = wrapper.application; includeInIndex = 0; path = AFNetworkingWithSwift.app; sourceTree = BUILT_PRODUCTS_DIR; };
		ED73F8AB1B5C9199006B228C /* Info.plist */ = {isa = PBXFileReference; lastKnownFileType = text.plist.xml; path = Info.plist; sourceTree = "<group>"; };
		ED73F8AC1B5C9199006B228C /* AppDelegate.swift */ = {isa = PBXFileReference; lastKnownFileType = sourcecode.swift; path = AppDelegate.swift; sourceTree = "<group>"; };
		ED73F8B11B5C9199006B228C /* Base */ = {isa = PBXFileReference; lastKnownFileType = file.storyboard; name = Base; path = Base.lproj/Main.storyboard; sourceTree = "<group>"; };
		ED73F8B31B5C9199006B228C /* Images.xcassets */ = {isa = PBXFileReference; lastKnownFileType = folder.assetcatalog; path = Images.xcassets; sourceTree = "<group>"; };
		ED73F8B61B5C9199006B228C /* Base */ = {isa = PBXFileReference; lastKnownFileType = file.xib; name = Base; path = Base.lproj/LaunchScreen.xib; sourceTree = "<group>"; };
		ED73F8BC1B5C9199006B228C /* AFNetworkingWithSwiftTests.xctest */ = {isa = PBXFileReference; explicitFileType = wrapper.cfbundle; includeInIndex = 0; path = AFNetworkingWithSwiftTests.xctest; sourceTree = BUILT_PRODUCTS_DIR; };
		ED73F8C11B5C9199006B228C /* Info.plist */ = {isa = PBXFileReference; lastKnownFileType = text.plist.xml; path = Info.plist; sourceTree = "<group>"; };
		ED73F8C21B5C9199006B228C /* AFNetworkingWithSwiftTests.swift */ = {isa = PBXFileReference; lastKnownFileType = sourcecode.swift; path = AFNetworkingWithSwiftTests.swift; sourceTree = "<group>"; };
		ED73F8CD1B5C91C6006B228C /* AFNetworkingWithSwift-Bridging-Header.h */ = {isa = PBXFileReference; lastKnownFileType = sourcecode.c.h; path = "AFNetworkingWithSwift-Bridging-Header.h"; sourceTree = "<group>"; };
		ED73F8CE1B5C91C6006B228C /* AFNetworkingWithSwiftTests-Bridging-Header.h */ = {isa = PBXFileReference; lastKnownFileType = sourcecode.c.h; path = "AFNetworkingWithSwiftTests-Bridging-Header.h"; sourceTree = "<group>"; };
		ED73F8CF1B5C91C7006B228C /* AFHTTPRequestOperation.h */ = {isa = PBXFileReference; fileEncoding = 4; lastKnownFileType = sourcecode.c.h; path = AFHTTPRequestOperation.h; sourceTree = "<group>"; };
		ED73F8D01B5C91C7006B228C /* AFHTTPRequestOperation.m */ = {isa = PBXFileReference; fileEncoding = 4; lastKnownFileType = sourcecode.c.objc; path = AFHTTPRequestOperation.m; sourceTree = "<group>"; };
		ED73F8D11B5C91C7006B228C /* AFHTTPRequestOperationManager.h */ = {isa = PBXFileReference; fileEncoding = 4; lastKnownFileType = sourcecode.c.h; path = AFHTTPRequestOperationManager.h; sourceTree = "<group>"; };
		ED73F8D21B5C91C7006B228C /* AFHTTPRequestOperationManager.m */ = {isa = PBXFileReference; fileEncoding = 4; lastKnownFileType = sourcecode.c.objc; path = AFHTTPRequestOperationManager.m; sourceTree = "<group>"; };
		ED73F8D31B5C91C7006B228C /* AFHTTPSessionManager.h */ = {isa = PBXFileReference; fileEncoding = 4; lastKnownFileType = sourcecode.c.h; path = AFHTTPSessionManager.h; sourceTree = "<group>"; };
		ED73F8D41B5C91C7006B228C /* AFHTTPSessionManager.m */ = {isa = PBXFileReference; fileEncoding = 4; lastKnownFileType = sourcecode.c.objc; path = AFHTTPSessionManager.m; sourceTree = "<group>"; };
		ED73F8D51B5C91C7006B228C /* AFNetworking.h */ = {isa = PBXFileReference; fileEncoding = 4; lastKnownFileType = sourcecode.c.h; path = AFNetworking.h; sourceTree = "<group>"; };
		ED73F8D61B5C91C7006B228C /* AFNetworkReachabilityManager.h */ = {isa = PBXFileReference; fileEncoding = 4; lastKnownFileType = sourcecode.c.h; path = AFNetworkReachabilityManager.h; sourceTree = "<group>"; };
		ED73F8D71B5C91C7006B228C /* AFNetworkReachabilityManager.m */ = {isa = PBXFileReference; fileEncoding = 4; lastKnownFileType = sourcecode.c.objc; path = AFNetworkReachabilityManager.m; sourceTree = "<group>"; };
		ED73F8D81B5C91C7006B228C /* AFSecurityPolicy.h */ = {isa = PBXFileReference; fileEncoding = 4; lastKnownFileType = sourcecode.c.h; path = AFSecurityPolicy.h; sourceTree = "<group>"; };
		ED73F8D91B5C91C7006B228C /* AFSecurityPolicy.m */ = {isa = PBXFileReference; fileEncoding = 4; lastKnownFileType = sourcecode.c.objc; path = AFSecurityPolicy.m; sourceTree = "<group>"; };
		ED73F8DA1B5C91C7006B228C /* AFURLConnectionOperation.h */ = {isa = PBXFileReference; fileEncoding = 4; lastKnownFileType = sourcecode.c.h; path = AFURLConnectionOperation.h; sourceTree = "<group>"; };
		ED73F8DB1B5C91C7006B228C /* AFURLConnectionOperation.m */ = {isa = PBXFileReference; fileEncoding = 4; lastKnownFileType = sourcecode.c.objc; path = AFURLConnectionOperation.m; sourceTree = "<group>"; };
		ED73F8DC1B5C91C7006B228C /* AFURLRequestSerialization.h */ = {isa = PBXFileReference; fileEncoding = 4; lastKnownFileType = sourcecode.c.h; path = AFURLRequestSerialization.h; sourceTree = "<group>"; };
		ED73F8DD1B5C91C7006B228C /* AFURLRequestSerialization.m */ = {isa = PBXFileReference; fileEncoding = 4; lastKnownFileType = sourcecode.c.objc; path = AFURLRequestSerialization.m; sourceTree = "<group>"; };
		ED73F8DE1B5C91C7006B228C /* AFURLResponseSerialization.h */ = {isa = PBXFileReference; fileEncoding = 4; lastKnownFileType = sourcecode.c.h; path = AFURLResponseSerialization.h; sourceTree = "<group>"; };
		ED73F8DF1B5C91C7006B228C /* AFURLResponseSerialization.m */ = {isa = PBXFileReference; fileEncoding = 4; lastKnownFileType = sourcecode.c.objc; path = AFURLResponseSerialization.m; sourceTree = "<group>"; };
		ED73F8E01B5C91C7006B228C /* AFURLSessionManager.h */ = {isa = PBXFileReference; fileEncoding = 4; lastKnownFileType = sourcecode.c.h; path = AFURLSessionManager.h; sourceTree = "<group>"; };
		ED73F8E11B5C91C7006B228C /* AFURLSessionManager.m */ = {isa = PBXFileReference; fileEncoding = 4; lastKnownFileType = sourcecode.c.objc; path = AFURLSessionManager.m; sourceTree = "<group>"; };
		ED73F8F41B5C9218006B228C /* GitViewController.swift */ = {isa = PBXFileReference; fileEncoding = 4; lastKnownFileType = sourcecode.swift; path = GitViewController.swift; sourceTree = "<group>"; };
		ED73F8F71B5C9293006B228C /* MainViewController.swift */ = {isa = PBXFileReference; fileEncoding = 4; lastKnownFileType = sourcecode.swift; path = MainViewController.swift; sourceTree = "<group>"; };
		ED73F8FB1B5CA939006B228C /* JSON.h */ = {isa = PBXFileReference; fileEncoding = 4; lastKnownFileType = sourcecode.c.h; path = JSON.h; sourceTree = "<group>"; };
		ED73F9391B5CAAD5006B228C /* NSObject+SBJson.h */ = {isa = PBXFileReference; fileEncoding = 4; lastKnownFileType = sourcecode.c.h; path = "NSObject+SBJson.h"; sourceTree = "<group>"; };
		ED73F93A1B5CAAD5006B228C /* NSObject+SBJson.m */ = {isa = PBXFileReference; fileEncoding = 4; lastKnownFileType = sourcecode.c.objc; path = "NSObject+SBJson.m"; sourceTree = "<group>"; };
		ED73F93B1B5CAAD5006B228C /* SBJson.h */ = {isa = PBXFileReference; fileEncoding = 4; lastKnownFileType = sourcecode.c.h; path = SBJson.h; sourceTree = "<group>"; };
		ED73F93C1B5CAAD5006B228C /* SBJsonParser.h */ = {isa = PBXFileReference; fileEncoding = 4; lastKnownFileType = sourcecode.c.h; path = SBJsonParser.h; sourceTree = "<group>"; };
		ED73F93D1B5CAAD5006B228C /* SBJsonParser.m */ = {isa = PBXFileReference; fileEncoding = 4; lastKnownFileType = sourcecode.c.objc; path = SBJsonParser.m; sourceTree = "<group>"; };
		ED73F93E1B5CAAD5006B228C /* SBJsonStreamParser.h */ = {isa = PBXFileReference; fileEncoding = 4; lastKnownFileType = sourcecode.c.h; path = SBJsonStreamParser.h; sourceTree = "<group>"; };
		ED73F93F1B5CAAD5006B228C /* SBJsonStreamParser.m */ = {isa = PBXFileReference; fileEncoding = 4; lastKnownFileType = sourcecode.c.objc; path = SBJsonStreamParser.m; sourceTree = "<group>"; };
		ED73F9401B5CAAD5006B228C /* SBJsonStreamParserAccumulator.h */ = {isa = PBXFileReference; fileEncoding = 4; lastKnownFileType = sourcecode.c.h; path = SBJsonStreamParserAccumulator.h; sourceTree = "<group>"; };
		ED73F9411B5CAAD5006B228C /* SBJsonStreamParserAccumulator.m */ = {isa = PBXFileReference; fileEncoding = 4; lastKnownFileType = sourcecode.c.objc; path = SBJsonStreamParserAccumulator.m; sourceTree = "<group>"; };
		ED73F9421B5CAAD5006B228C /* SBJsonStreamParserAdapter.h */ = {isa = PBXFileReference; fileEncoding = 4; lastKnownFileType = sourcecode.c.h; path = SBJsonStreamParserAdapter.h; sourceTree = "<group>"; };
		ED73F9431B5CAAD5006B228C /* SBJsonStreamParserAdapter.m */ = {isa = PBXFileReference; fileEncoding = 4; lastKnownFileType = sourcecode.c.objc; path = SBJsonStreamParserAdapter.m; sourceTree = "<group>"; };
		ED73F9441B5CAAD5006B228C /* SBJsonStreamParserState.h */ = {isa = PBXFileReference; fileEncoding = 4; lastKnownFileType = sourcecode.c.h; path = SBJsonStreamParserState.h; sourceTree = "<group>"; };
		ED73F9451B5CAAD5006B228C /* SBJsonStreamParserState.m */ = {isa = PBXFileReference; fileEncoding = 4; lastKnownFileType = sourcecode.c.objc; path = SBJsonStreamParserState.m; sourceTree = "<group>"; };
		ED73F9461B5CAAD5006B228C /* SBJsonStreamWriter.h */ = {isa = PBXFileReference; fileEncoding = 4; lastKnownFileType = sourcecode.c.h; path = SBJsonStreamWriter.h; sourceTree = "<group>"; };
		ED73F9471B5CAAD5006B228C /* SBJsonStreamWriter.m */ = {isa = PBXFileReference; fileEncoding = 4; lastKnownFileType = sourcecode.c.objc; path = SBJsonStreamWriter.m; sourceTree = "<group>"; };
		ED73F9481B5CAAD5006B228C /* SBJsonStreamWriterAccumulator.h */ = {isa = PBXFileReference; fileEncoding = 4; lastKnownFileType = sourcecode.c.h; path = SBJsonStreamWriterAccumulator.h; sourceTree = "<group>"; };
		ED73F9491B5CAAD5006B228C /* SBJsonStreamWriterAccumulator.m */ = {isa = PBXFileReference; fileEncoding = 4; lastKnownFileType = sourcecode.c.objc; path = SBJsonStreamWriterAccumulator.m; sourceTree = "<group>"; };
		ED73F94A1B5CAAD5006B228C /* SBJsonStreamWriterState.h */ = {isa = PBXFileReference; fileEncoding = 4; lastKnownFileType = sourcecode.c.h; path = SBJsonStreamWriterState.h; sourceTree = "<group>"; };
		ED73F94B1B5CAAD5006B228C /* SBJsonStreamWriterState.m */ = {isa = PBXFileReference; fileEncoding = 4; lastKnownFileType = sourcecode.c.objc; path = SBJsonStreamWriterState.m; sourceTree = "<group>"; };
		ED73F94C1B5CAAD5006B228C /* SBJsonTokeniser.h */ = {isa = PBXFileReference; fileEncoding = 4; lastKnownFileType = sourcecode.c.h; path = SBJsonTokeniser.h; sourceTree = "<group>"; };
		ED73F94D1B5CAAD5006B228C /* SBJsonTokeniser.m */ = {isa = PBXFileReference; fileEncoding = 4; lastKnownFileType = sourcecode.c.objc; path = SBJsonTokeniser.m; sourceTree = "<group>"; };
		ED73F94E1B5CAAD5006B228C /* SBJsonUTF8Stream.h */ = {isa = PBXFileReference; fileEncoding = 4; lastKnownFileType = sourcecode.c.h; path = SBJsonUTF8Stream.h; sourceTree = "<group>"; };
		ED73F94F1B5CAAD5006B228C /* SBJsonUTF8Stream.m */ = {isa = PBXFileReference; fileEncoding = 4; lastKnownFileType = sourcecode.c.objc; path = SBJsonUTF8Stream.m; sourceTree = "<group>"; };
		ED73F9501B5CAAD5006B228C /* SBJsonWriter.h */ = {isa = PBXFileReference; fileEncoding = 4; lastKnownFileType = sourcecode.c.h; path = SBJsonWriter.h; sourceTree = "<group>"; };
		ED73F9511B5CAAD5006B228C /* SBJsonWriter.m */ = {isa = PBXFileReference; fileEncoding = 4; lastKnownFileType = sourcecode.c.objc; path = SBJsonWriter.m; sourceTree = "<group>"; };
		ED73F96B1B5CDB19006B228C /* load_01.png */ = {isa = PBXFileReference; lastKnownFileType = image.png; path = load_01.png; sourceTree = "<group>"; };
		ED73F96C1B5CDB19006B228C /* load_02.png */ = {isa = PBXFileReference; lastKnownFileType = image.png; path = load_02.png; sourceTree = "<group>"; };
		ED73F96D1B5CDB19006B228C /* load_03.png */ = {isa = PBXFileReference; lastKnownFileType = image.png; path = load_03.png; sourceTree = "<group>"; };
		ED73F96E1B5CDB19006B228C /* load_04.png */ = {isa = PBXFileReference; lastKnownFileType = image.png; path = load_04.png; sourceTree = "<group>"; };
		ED73F96F1B5CDB19006B228C /* load_05.png */ = {isa = PBXFileReference; lastKnownFileType = image.png; path = load_05.png; sourceTree = "<group>"; };
		ED73F9701B5CDB19006B228C /* load_06.png */ = {isa = PBXFileReference; lastKnownFileType = image.png; path = load_06.png; sourceTree = "<group>"; };
/* End PBXFileReference section */

/* Begin PBXFrameworksBuildPhase section */
		ED73F8A41B5C9199006B228C /* Frameworks */ = {
			isa = PBXFrameworksBuildPhase;
			buildActionMask = 2147483647;
			files = (
			);
			runOnlyForDeploymentPostprocessing = 0;
		};
		ED73F8B91B5C9199006B228C /* Frameworks */ = {
			isa = PBXFrameworksBuildPhase;
			buildActionMask = 2147483647;
			files = (
			);
			runOnlyForDeploymentPostprocessing = 0;
		};
/* End PBXFrameworksBuildPhase section */

/* Begin PBXGroup section */
		ED73F89E1B5C9199006B228C = {
			isa = PBXGroup;
			children = (
				ED73F8A91B5C9199006B228C /* AFNetworkingWithSwift */,
				ED73F8BF1B5C9199006B228C /* AFNetworkingWithSwiftTests */,
				ED73F8A81B5C9199006B228C /* Products */,
			);
			sourceTree = "<group>";
		};
		ED73F8A81B5C9199006B228C /* Products */ = {
			isa = PBXGroup;
			children = (
				ED73F8A71B5C9199006B228C /* AFNetworkingWithSwift.app */,
				ED73F8BC1B5C9199006B228C /* AFNetworkingWithSwiftTests.xctest */,
			);
			name = Products;
			sourceTree = "<group>";
		};
		ED73F8A91B5C9199006B228C /* AFNetworkingWithSwift */ = {
			isa = PBXGroup;
			children = (
				ED73F8AC1B5C9199006B228C /* AppDelegate.swift */,
				ED73F8F41B5C9218006B228C /* GitViewController.swift */,
				ED73F8F71B5C9293006B228C /* MainViewController.swift */,
				ED6D3C281B5DD6F8007F3505 /* GitRefreshAndLoadMore.swift */,
				ED73F8B01B5C9199006B228C /* Main.storyboard */,
				ED3F3B9A1B5F4CEA00518D69 /* TestingCollectionViewController.swift */,
				ED3F3B9D1B5F4F0200518D69 /* CustomCollectionViewCell.swift */,
				ED73F8B31B5C9199006B228C /* Images.xcassets */,
				ED73F8B51B5C9199006B228C /* LaunchScreen.xib */,
				ED73F8AA1B5C9199006B228C /* Supporting Files */,
			);
			path = AFNetworkingWithSwift;
			sourceTree = "<group>";
		};
		ED73F8AA1B5C9199006B228C /* Supporting Files */ = {
			isa = PBXGroup;
			children = (
				ED3F3B971B5F4C6E00518D69 /* car.jpg */,
				ED73F96B1B5CDB19006B228C /* load_01.png */,
				ED73F96C1B5CDB19006B228C /* load_02.png */,
				ED73F96D1B5CDB19006B228C /* load_03.png */,
				ED73F96E1B5CDB19006B228C /* load_04.png */,
				ED73F96F1B5CDB19006B228C /* load_05.png */,
				ED73F9701B5CDB19006B228C /* load_06.png */,
				ED73F96A1B5CAB05006B228C /* Bridging-Header */,
				ED73F8FA1B5CA92C006B228C /* JSON */,
				ED73F8CC1B5C91B2006B228C /* AFNetworking */,
				ED73F8AB1B5C9199006B228C /* Info.plist */,
			);
			name = "Supporting Files";
			sourceTree = "<group>";
		};
		ED73F8BF1B5C9199006B228C /* AFNetworkingWithSwiftTests */ = {
			isa = PBXGroup;
			children = (
				ED73F8C21B5C9199006B228C /* AFNetworkingWithSwiftTests.swift */,
				ED73F8C01B5C9199006B228C /* Supporting Files */,
			);
			path = AFNetworkingWithSwiftTests;
			sourceTree = "<group>";
		};
		ED73F8C01B5C9199006B228C /* Supporting Files */ = {
			isa = PBXGroup;
			children = (
				ED73F8C11B5C9199006B228C /* Info.plist */,
			);
			name = "Supporting Files";
			sourceTree = "<group>";
		};
		ED73F8CC1B5C91B2006B228C /* AFNetworking */ = {
			isa = PBXGroup;
			children = (
				ED73F8CF1B5C91C7006B228C /* AFHTTPRequestOperation.h */,
				ED73F8D01B5C91C7006B228C /* AFHTTPRequestOperation.m */,
				ED73F8D11B5C91C7006B228C /* AFHTTPRequestOperationManager.h */,
				ED73F8D21B5C91C7006B228C /* AFHTTPRequestOperationManager.m */,
				ED73F8D31B5C91C7006B228C /* AFHTTPSessionManager.h */,
				ED73F8D41B5C91C7006B228C /* AFHTTPSessionManager.m */,
				ED73F8D51B5C91C7006B228C /* AFNetworking.h */,
				ED73F8D61B5C91C7006B228C /* AFNetworkReachabilityManager.h */,
				ED73F8D71B5C91C7006B228C /* AFNetworkReachabilityManager.m */,
				ED73F8D81B5C91C7006B228C /* AFSecurityPolicy.h */,
				ED73F8D91B5C91C7006B228C /* AFSecurityPolicy.m */,
				ED73F8DA1B5C91C7006B228C /* AFURLConnectionOperation.h */,
				ED73F8DB1B5C91C7006B228C /* AFURLConnectionOperation.m */,
				ED73F8DC1B5C91C7006B228C /* AFURLRequestSerialization.h */,
				ED73F8DD1B5C91C7006B228C /* AFURLRequestSerialization.m */,
				ED73F8DE1B5C91C7006B228C /* AFURLResponseSerialization.h */,
				ED73F8DF1B5C91C7006B228C /* AFURLResponseSerialization.m */,
				ED73F8E01B5C91C7006B228C /* AFURLSessionManager.h */,
				ED73F8E11B5C91C7006B228C /* AFURLSessionManager.m */,
			);
			name = AFNetworking;
			sourceTree = "<group>";
		};
		ED73F8FA1B5CA92C006B228C /* JSON */ = {
			isa = PBXGroup;
			children = (
				ED73F8FB1B5CA939006B228C /* JSON.h */,
				ED73F9391B5CAAD5006B228C /* NSObject+SBJson.h */,
				ED73F93A1B5CAAD5006B228C /* NSObject+SBJson.m */,
				ED73F93B1B5CAAD5006B228C /* SBJson.h */,
				ED73F93C1B5CAAD5006B228C /* SBJsonParser.h */,
				ED73F93D1B5CAAD5006B228C /* SBJsonParser.m */,
				ED73F93E1B5CAAD5006B228C /* SBJsonStreamParser.h */,
				ED73F93F1B5CAAD5006B228C /* SBJsonStreamParser.m */,
				ED73F9401B5CAAD5006B228C /* SBJsonStreamParserAccumulator.h */,
				ED73F9411B5CAAD5006B228C /* SBJsonStreamParserAccumulator.m */,
				ED73F9421B5CAAD5006B228C /* SBJsonStreamParserAdapter.h */,
				ED73F9431B5CAAD5006B228C /* SBJsonStreamParserAdapter.m */,
				ED73F9441B5CAAD5006B228C /* SBJsonStreamParserState.h */,
				ED73F9451B5CAAD5006B228C /* SBJsonStreamParserState.m */,
				ED73F9461B5CAAD5006B228C /* SBJsonStreamWriter.h */,
				ED73F9471B5CAAD5006B228C /* SBJsonStreamWriter.m */,
				ED73F9481B5CAAD5006B228C /* SBJsonStreamWriterAccumulator.h */,
				ED73F9491B5CAAD5006B228C /* SBJsonStreamWriterAccumulator.m */,
				ED73F94A1B5CAAD5006B228C /* SBJsonStreamWriterState.h */,
				ED73F94B1B5CAAD5006B228C /* SBJsonStreamWriterState.m */,
				ED73F94C1B5CAAD5006B228C /* SBJsonTokeniser.h */,
				ED73F94D1B5CAAD5006B228C /* SBJsonTokeniser.m */,
				ED73F94E1B5CAAD5006B228C /* SBJsonUTF8Stream.h */,
				ED73F94F1B5CAAD5006B228C /* SBJsonUTF8Stream.m */,
				ED73F9501B5CAAD5006B228C /* SBJsonWriter.h */,
				ED73F9511B5CAAD5006B228C /* SBJsonWriter.m */,
			);
			name = JSON;
			sourceTree = "<group>";
		};
		ED73F96A1B5CAB05006B228C /* Bridging-Header */ = {
			isa = PBXGroup;
			children = (
				ED73F8CD1B5C91C6006B228C /* AFNetworkingWithSwift-Bridging-Header.h */,
				ED73F8CE1B5C91C6006B228C /* AFNetworkingWithSwiftTests-Bridging-Header.h */,
			);
			name = "Bridging-Header";
			sourceTree = "<group>";
		};
/* End PBXGroup section */

/* Begin PBXNativeTarget section */
		ED73F8A61B5C9199006B228C /* AFNetworkingWithSwift */ = {
			isa = PBXNativeTarget;
			buildConfigurationList = ED73F8C61B5C9199006B228C /* Build configuration list for PBXNativeTarget "AFNetworkingWithSwift" */;
			buildPhases = (
				ED73F8A31B5C9199006B228C /* Sources */,
				ED73F8A41B5C9199006B228C /* Frameworks */,
				ED73F8A51B5C9199006B228C /* Resources */,
			);
			buildRules = (
			);
			dependencies = (
			);
			name = AFNetworkingWithSwift;
			productName = AFNetworkingWithSwift;
			productReference = ED73F8A71B5C9199006B228C /* AFNetworkingWithSwift.app */;
			productType = "com.apple.product-type.application";
		};
		ED73F8BB1B5C9199006B228C /* AFNetworkingWithSwiftTests */ = {
			isa = PBXNativeTarget;
			buildConfigurationList = ED73F8C91B5C9199006B228C /* Build configuration list for PBXNativeTarget "AFNetworkingWithSwiftTests" */;
			buildPhases = (
				ED73F8B81B5C9199006B228C /* Sources */,
				ED73F8B91B5C9199006B228C /* Frameworks */,
				ED73F8BA1B5C9199006B228C /* Resources */,
			);
			buildRules = (
			);
			dependencies = (
				ED73F8BE1B5C9199006B228C /* PBXTargetDependency */,
			);
			name = AFNetworkingWithSwiftTests;
			productName = AFNetworkingWithSwiftTests;
			productReference = ED73F8BC1B5C9199006B228C /* AFNetworkingWithSwiftTests.xctest */;
			productType = "com.apple.product-type.bundle.unit-test";
		};
/* End PBXNativeTarget section */

/* Begin PBXProject section */
		ED73F89F1B5C9199006B228C /* Project object */ = {
			isa = PBXProject;
			attributes = {
				LastUpgradeCheck = 0630;
				ORGANIZATIONNAME = "kan vichhai";
				TargetAttributes = {
					ED73F8A61B5C9199006B228C = {
						CreatedOnToolsVersion = 6.3.1;
					};
					ED73F8BB1B5C9199006B228C = {
						CreatedOnToolsVersion = 6.3.1;
						TestTargetID = ED73F8A61B5C9199006B228C;
					};
				};
			};
			buildConfigurationList = ED73F8A21B5C9199006B228C /* Build configuration list for PBXProject "AFNetworkingWithSwift" */;
			compatibilityVersion = "Xcode 3.2";
			developmentRegion = English;
			hasScannedForEncodings = 0;
			knownRegions = (
				en,
				Base,
			);
			mainGroup = ED73F89E1B5C9199006B228C;
			productRefGroup = ED73F8A81B5C9199006B228C /* Products */;
			projectDirPath = "";
			projectRoot = "";
			targets = (
				ED73F8A61B5C9199006B228C /* AFNetworkingWithSwift */,
				ED73F8BB1B5C9199006B228C /* AFNetworkingWithSwiftTests */,
			);
		};
/* End PBXProject section */

/* Begin PBXResourcesBuildPhase section */
		ED73F8A51B5C9199006B228C /* Resources */ = {
			isa = PBXResourcesBuildPhase;
			buildActionMask = 2147483647;
			files = (
				ED73F97B1B5CDB19006B228C /* load_06.png in Resources */,
				ED73F9771B5CDB19006B228C /* load_04.png in Resources */,
				ED3F3B981B5F4C6E00518D69 /* car.jpg in Resources */,
				ED73F9751B5CDB19006B228C /* load_03.png in Resources */,
				ED73F9791B5CDB19006B228C /* load_05.png in Resources */,
				ED73F8B21B5C9199006B228C /* Main.storyboard in Resources */,
				ED73F8B71B5C9199006B228C /* LaunchScreen.xib in Resources */,
				ED73F9731B5CDB19006B228C /* load_02.png in Resources */,
				ED73F9711B5CDB19006B228C /* load_01.png in Resources */,
				ED73F8B41B5C9199006B228C /* Images.xcassets in Resources */,
			);
			runOnlyForDeploymentPostprocessing = 0;
		};
		ED73F8BA1B5C9199006B228C /* Resources */ = {
			isa = PBXResourcesBuildPhase;
			buildActionMask = 2147483647;
			files = (
				ED3F3B991B5F4C6E00518D69 /* car.jpg in Resources */,
				ED73F9761B5CDB19006B228C /* load_03.png in Resources */,
				ED73F9781B5CDB19006B228C /* load_04.png in Resources */,
				ED73F9721B5CDB19006B228C /* load_01.png in Resources */,
				ED73F97C1B5CDB19006B228C /* load_06.png in Resources */,
				ED73F9741B5CDB19006B228C /* load_02.png in Resources */,
				ED73F97A1B5CDB19006B228C /* load_05.png in Resources */,
			);
			runOnlyForDeploymentPostprocessing = 0;
		};
/* End PBXResourcesBuildPhase section */

/* Begin PBXSourcesBuildPhase section */
		ED73F8A31B5C9199006B228C /* Sources */ = {
			isa = PBXSourcesBuildPhase;
			buildActionMask = 2147483647;
			files = (
				ED73F9621B5CAAD5006B228C /* SBJsonStreamWriterState.m in Sources */,
				ED73F95E1B5CAAD5006B228C /* SBJsonStreamWriter.m in Sources */,
				ED73F8EE1B5C91C7006B228C /* AFURLRequestSerialization.m in Sources */,
				ED73F8EC1B5C91C7006B228C /* AFURLConnectionOperation.m in Sources */,
				ED73F9581B5CAAD5006B228C /* SBJsonStreamParserAccumulator.m in Sources */,
				ED73F8EA1B5C91C7006B228C /* AFSecurityPolicy.m in Sources */,
				ED73F8F81B5C9293006B228C /* MainViewController.swift in Sources */,
				ED73F9601B5CAAD5006B228C /* SBJsonStreamWriterAccumulator.m in Sources */,
				ED73F8E21B5C91C7006B228C /* AFHTTPRequestOperation.m in Sources */,
				ED6D3C291B5DD6F8007F3505 /* GitRefreshAndLoadMore.swift in Sources */,
				ED73F9641B5CAAD5006B228C /* SBJsonTokeniser.m in Sources */,
				ED73F9521B5CAAD5006B228C /* NSObject+SBJson.m in Sources */,
				ED73F95A1B5CAAD5006B228C /* SBJsonStreamParserAdapter.m in Sources */,
				ED73F8F21B5C91C7006B228C /* AFURLSessionManager.m in Sources */,
				ED73F9681B5CAAD5006B228C /* SBJsonWriter.m in Sources */,
				ED73F9661B5CAAD5006B228C /* SBJsonUTF8Stream.m in Sources */,
				ED73F9541B5CAAD5006B228C /* SBJsonParser.m in Sources */,
				ED73F8F01B5C91C7006B228C /* AFURLResponseSerialization.m in Sources */,
				ED73F9561B5CAAD5006B228C /* SBJsonStreamParser.m in Sources */,
				ED3F3B9E1B5F4F0200518D69 /* CustomCollectionViewCell.swift in Sources */,
				ED73F8E61B5C91C7006B228C /* AFHTTPSessionManager.m in Sources */,
				ED73F8E41B5C91C7006B228C /* AFHTTPRequestOperationManager.m in Sources */,
				ED3F3B9B1B5F4CEA00518D69 /* TestingCollectionViewController.swift in Sources */,
				ED73F8E81B5C91C7006B228C /* AFNetworkReachabilityManager.m in Sources */,
				ED73F95C1B5CAAD5006B228C /* SBJsonStreamParserState.m in Sources */,
				ED73F8AD1B5C9199006B228C /* AppDelegate.swift in Sources */,
				ED73F8F51B5C9218006B228C /* GitViewController.swift in Sources */,
			);
			runOnlyForDeploymentPostprocessing = 0;
		};
		ED73F8B81B5C9199006B228C /* Sources */ = {
			isa = PBXSourcesBuildPhase;
			buildActionMask = 2147483647;
			files = (
				ED73F9631B5CAAD5006B228C /* SBJsonStreamWriterState.m in Sources */,
				ED73F95F1B5CAAD5006B228C /* SBJsonStreamWriter.m in Sources */,
				ED73F8ED1B5C91C7006B228C /* AFURLConnectionOperation.m in Sources */,
				ED73F8F11B5C91C7006B228C /* AFURLResponseSerialization.m in Sources */,
				ED73F9591B5CAAD5006B228C /* SBJsonStreamParserAccumulator.m in Sources */,
				ED73F8E31B5C91C7006B228C /* AFHTTPRequestOperation.m in Sources */,
				ED73F8F91B5C9293006B228C /* MainViewController.swift in Sources */,
				ED73F9611B5CAAD5006B228C /* SBJsonStreamWriterAccumulator.m in Sources */,
				ED73F8C31B5C9199006B228C /* AFNetworkingWithSwiftTests.swift in Sources */,
				ED6D3C2A1B5DD6FB007F3505 /* GitRefreshAndLoadMore.swift in Sources */,
				ED73F9651B5CAAD5006B228C /* SBJsonTokeniser.m in Sources */,
				ED73F9531B5CAAD5006B228C /* NSObject+SBJson.m in Sources */,
				ED73F95B1B5CAAD5006B228C /* SBJsonStreamParserAdapter.m in Sources */,
				ED73F8E91B5C91C7006B228C /* AFNetworkReachabilityManager.m in Sources */,
				ED73F9691B5CAAD5006B228C /* SBJsonWriter.m in Sources */,
				ED73F9671B5CAAD5006B228C /* SBJsonUTF8Stream.m in Sources */,
				ED73F9551B5CAAD5006B228C /* SBJsonParser.m in Sources */,
				ED73F8F31B5C91C7006B228C /* AFURLSessionManager.m in Sources */,
				ED73F9571B5CAAD5006B228C /* SBJsonStreamParser.m in Sources */,
				ED3F3B9F1B5F4F0200518D69 /* CustomCollectionViewCell.swift in Sources */,
				ED73F8E51B5C91C7006B228C /* AFHTTPRequestOperationManager.m in Sources */,
				ED73F8EB1B5C91C7006B228C /* AFSecurityPolicy.m in Sources */,
				ED3F3B9C1B5F4CEA00518D69 /* TestingCollectionViewController.swift in Sources */,
				ED73F8E71B5C91C7006B228C /* AFHTTPSessionManager.m in Sources */,
				ED73F95D1B5CAAD5006B228C /* SBJsonStreamParserState.m in Sources */,
				ED73F8EF1B5C91C7006B228C /* AFURLRequestSerialization.m in Sources */,
				ED73F8F61B5C9218006B228C /* GitViewController.swift in Sources */,
			);
			runOnlyForDeploymentPostprocessing = 0;
		};
/* End PBXSourcesBuildPhase section */

/* Begin PBXTargetDependency section */
		ED73F8BE1B5C9199006B228C /* PBXTargetDependency */ = {
			isa = PBXTargetDependency;
			target = ED73F8A61B5C9199006B228C /* AFNetworkingWithSwift */;
			targetProxy = ED73F8BD1B5C9199006B228C /* PBXContainerItemProxy */;
		};
/* End PBXTargetDependency section */

/* Begin PBXVariantGroup section */
		ED73F8B01B5C9199006B228C /* Main.storyboard */ = {
			isa = PBXVariantGroup;
			children = (
				ED73F8B11B5C9199006B228C /* Base */,
			);
			name = Main.storyboard;
			sourceTree = "<group>";
		};
		ED73F8B51B5C9199006B228C /* LaunchScreen.xib */ = {
			isa = PBXVariantGroup;
			children = (
				ED73F8B61B5C9199006B228C /* Base */,
			);
			name = LaunchScreen.xib;
			sourceTree = "<group>";
		};
/* End PBXVariantGroup section */

/* Begin XCBuildConfiguration section */
		ED73F8C41B5C9199006B228C /* Debug */ = {
			isa = XCBuildConfiguration;
			buildSettings = {
				ALWAYS_SEARCH_USER_PATHS = NO;
				CLANG_CXX_LANGUAGE_STANDARD = "gnu++0x";
				CLANG_CXX_LIBRARY = "libc++";
				CLANG_ENABLE_MODULES = YES;
				CLANG_ENABLE_OBJC_ARC = YES;
				CLANG_WARN_BOOL_CONVERSION = YES;
				CLANG_WARN_CONSTANT_CONVERSION = YES;
				CLANG_WARN_DIRECT_OBJC_ISA_USAGE = YES_ERROR;
				CLANG_WARN_EMPTY_BODY = YES;
				CLANG_WARN_ENUM_CONVERSION = YES;
				CLANG_WARN_INT_CONVERSION = YES;
				CLANG_WARN_OBJC_ROOT_CLASS = YES_ERROR;
				CLANG_WARN_UNREACHABLE_CODE = YES;
				CLANG_WARN__DUPLICATE_METHOD_MATCH = YES;
				"CODE_SIGN_IDENTITY[sdk=iphoneos*]" = "iPhone Developer";
				COPY_PHASE_STRIP = NO;
				DEBUG_INFORMATION_FORMAT = "dwarf-with-dsym";
				ENABLE_STRICT_OBJC_MSGSEND = YES;
				GCC_C_LANGUAGE_STANDARD = gnu99;
				GCC_DYNAMIC_NO_PIC = NO;
				GCC_NO_COMMON_BLOCKS = YES;
				GCC_OPTIMIZATION_LEVEL = 0;
				GCC_PREPROCESSOR_DEFINITIONS = (
					"DEBUG=1",
					"$(inherited)",
				);
				GCC_SYMBOLS_PRIVATE_EXTERN = NO;
				GCC_WARN_64_TO_32_BIT_CONVERSION = YES;
				GCC_WARN_ABOUT_RETURN_TYPE = YES_ERROR;
				GCC_WARN_UNDECLARED_SELECTOR = YES;
				GCC_WARN_UNINITIALIZED_AUTOS = YES_AGGRESSIVE;
				GCC_WARN_UNUSED_FUNCTION = YES;
				GCC_WARN_UNUSED_VARIABLE = YES;
				IPHONEOS_DEPLOYMENT_TARGET = 8.3;
				MTL_ENABLE_DEBUG_INFO = YES;
				ONLY_ACTIVE_ARCH = YES;
				SDKROOT = iphoneos;
				SWIFT_OPTIMIZATION_LEVEL = "-Onone";
			};
			name = Debug;
		};
		ED73F8C51B5C9199006B228C /* Release */ = {
			isa = XCBuildConfiguration;
			buildSettings = {
				ALWAYS_SEARCH_USER_PATHS = NO;
				CLANG_CXX_LANGUAGE_STANDARD = "gnu++0x";
				CLANG_CXX_LIBRARY = "libc++";
				CLANG_ENABLE_MODULES = YES;
				CLANG_ENABLE_OBJC_ARC = YES;
				CLANG_WARN_BOOL_CONVERSION = YES;
				CLANG_WARN_CONSTANT_CONVERSION = YES;
				CLANG_WARN_DIRECT_OBJC_ISA_USAGE = YES_ERROR;
				CLANG_WARN_EMPTY_BODY = YES;
				CLANG_WARN_ENUM_CONVERSION = YES;
				CLANG_WARN_INT_CONVERSION = YES;
				CLANG_WARN_OBJC_ROOT_CLASS = YES_ERROR;
				CLANG_WARN_UNREACHABLE_CODE = YES;
				CLANG_WARN__DUPLICATE_METHOD_MATCH = YES;
				"CODE_SIGN_IDENTITY[sdk=iphoneos*]" = "iPhone Developer";
				COPY_PHASE_STRIP = NO;
				DEBUG_INFORMATION_FORMAT = "dwarf-with-dsym";
				ENABLE_NS_ASSERTIONS = NO;
				ENABLE_STRICT_OBJC_MSGSEND = YES;
				GCC_C_LANGUAGE_STANDARD = gnu99;
				GCC_NO_COMMON_BLOCKS = YES;
				GCC_WARN_64_TO_32_BIT_CONVERSION = YES;
				GCC_WARN_ABOUT_RETURN_TYPE = YES_ERROR;
				GCC_WARN_UNDECLARED_SELECTOR = YES;
				GCC_WARN_UNINITIALIZED_AUTOS = YES_AGGRESSIVE;
				GCC_WARN_UNUSED_FUNCTION = YES;
				GCC_WARN_UNUSED_VARIABLE = YES;
				IPHONEOS_DEPLOYMENT_TARGET = 8.3;
				MTL_ENABLE_DEBUG_INFO = NO;
				SDKROOT = iphoneos;
				VALIDATE_PRODUCT = YES;
			};
			name = Release;
		};
		ED73F8C71B5C9199006B228C /* Debug */ = {
			isa = XCBuildConfiguration;
			buildSettings = {
				ASSETCATALOG_COMPILER_APPICON_NAME = AppIcon;
				CLANG_ENABLE_MODULES = YES;
				INFOPLIST_FILE = AFNetworkingWithSwift/Info.plist;
				LD_RUNPATH_SEARCH_PATHS = "$(inherited) @executable_path/Frameworks";
				PRODUCT_NAME = "$(TARGET_NAME)";
				SWIFT_OBJC_BRIDGING_HEADER = "AFNetworkingWithSwift/AFNetworkingWithSwift-Bridging-Header.h";
				SWIFT_OPTIMIZATION_LEVEL = "-Onone";
			};
			name = Debug;
		};
		ED73F8C81B5C9199006B228C /* Release */ = {
			isa = XCBuildConfiguration;
			buildSettings = {
				ASSETCATALOG_COMPILER_APPICON_NAME = AppIcon;
				CLANG_ENABLE_MODULES = YES;
				INFOPLIST_FILE = AFNetworkingWithSwift/Info.plist;
				LD_RUNPATH_SEARCH_PATHS = "$(inherited) @executable_path/Frameworks";
				PRODUCT_NAME = "$(TARGET_NAME)";
				SWIFT_OBJC_BRIDGING_HEADER = "AFNetworkingWithSwift/AFNetworkingWithSwift-Bridging-Header.h";
			};
			name = Release;
		};
		ED73F8CA1B5C9199006B228C /* Debug */ = {
			isa = XCBuildConfiguration;
			buildSettings = {
				BUNDLE_LOADER = "$(TEST_HOST)";
				CLANG_ENABLE_MODULES = YES;
				FRAMEWORK_SEARCH_PATHS = (
					"$(SDKROOT)/Developer/Library/Frameworks",
					"$(inherited)",
				);
				GCC_PREPROCESSOR_DEFINITIONS = (
					"DEBUG=1",
					"$(inherited)",
				);
				INFOPLIST_FILE = AFNetworkingWithSwiftTests/Info.plist;
				LD_RUNPATH_SEARCH_PATHS = "$(inherited) @executable_path/Frameworks @loader_path/Frameworks";
				PRODUCT_NAME = "$(TARGET_NAME)";
				SWIFT_OBJC_BRIDGING_HEADER = "AFNetworkingWithSwift/AFNetworkingWithSwiftTests-Bridging-Header.h";
				SWIFT_OPTIMIZATION_LEVEL = "-Onone";
				TEST_HOST = "$(BUILT_PRODUCTS_DIR)/AFNetworkingWithSwift.app/AFNetworkingWithSwift";
			};
			name = Debug;
		};
		ED73F8CB1B5C9199006B228C /* Release */ = {
			isa = XCBuildConfiguration;
			buildSettings = {
				BUNDLE_LOADER = "$(TEST_HOST)";
				CLANG_ENABLE_MODULES = YES;
				FRAMEWORK_SEARCH_PATHS = (
					"$(SDKROOT)/Developer/Library/Frameworks",
					"$(inherited)",
				);
				INFOPLIST_FILE = AFNetworkingWithSwiftTests/Info.plist;
				LD_RUNPATH_SEARCH_PATHS = "$(inherited) @executable_path/Frameworks @loader_path/Frameworks";
				PRODUCT_NAME = "$(TARGET_NAME)";
				SWIFT_OBJC_BRIDGING_HEADER = "AFNetworkingWithSwift/AFNetworkingWithSwiftTests-Bridging-Header.h";
				TEST_HOST = "$(BUILT_PRODUCTS_DIR)/AFNetworkingWithSwift.app/AFNetworkingWithSwift";
			};
			name = Release;
		};
/* End XCBuildConfiguration section */

/* Begin XCConfigurationList section */
		ED73F8A21B5C9199006B228C /* Build configuration list for PBXProject "AFNetworkingWithSwift" */ = {
			isa = XCConfigurationList;
			buildConfigurations = (
				ED73F8C41B5C9199006B228C /* Debug */,
				ED73F8C51B5C9199006B228C /* Release */,
			);
			defaultConfigurationIsVisible = 0;
			defaultConfigurationName = Release;
		};
		ED73F8C61B5C9199006B228C /* Build configuration list for PBXNativeTarget "AFNetworkingWithSwift" */ = {
			isa = XCConfigurationList;
			buildConfigurations = (
				ED73F8C71B5C9199006B228C /* Debug */,
				ED73F8C81B5C9199006B228C /* Release */,
			);
			defaultConfigurationIsVisible = 0;
			defaultConfigurationName = Release;
		};
		ED73F8C91B5C9199006B228C /* Build configuration list for PBXNativeTarget "AFNetworkingWithSwiftTests" */ = {
			isa = XCConfigurationList;
			buildConfigurations = (
				ED73F8CA1B5C9199006B228C /* Debug */,
				ED73F8CB1B5C9199006B228C /* Release */,
			);
			defaultConfigurationIsVisible = 0;
			defaultConfigurationName = Release;
		};
/* End XCConfigurationList section */
	};
	rootObject = ED73F89F1B5C9199006B228C /* Project object */;
}
